
Microsoft Visual Studio Solution File, Format Version 12.00
# Visual Studio Version 16
VisualStudioVersion = 16.0.29926.136
MinimumVisualStudioVersion = 10.0.40219.1
Project("{FAE04EC0-301F-11D3-BF4B-00C04F79EFBC}") = "LemonadeStand", "LemonadeStand\LemonadeStand.csproj", "{319655C4-DA73-4F5C-905B-C6058D8AC9E5}"
EndProject
Global
	GlobalSection(SolutionConfigurationPlatforms) = preSolution
		Debug|Any CPU = Debug|Any CPU
		Release|Any CPU = Release|Any CPU
	EndGlobalSection
	GlobalSection(ProjectConfigurationPlatforms) = postSolution
		{319655C4-DA73-4F5C-905B-C6058D8AC9E5}.Debug|Any CPU.ActiveCfg = Debug|Any CPU
		{319655C4-DA73-4F5C-905B-C6058D8AC9E5}.Debug|Any CPU.Build.0 = Debug|Any CPU
		{319655C4-DA73-4F5C-905B-C6058D8AC9E5}.Release|Any CPU.ActiveCfg = Release|Any CPU
		{319655C4-DA73-4F5C-905B-C6058D8AC9E5}.Release|Any CPU.Build.0 = Release|Any CPU
	EndGlobalSection
	GlobalSection(SolutionProperties) = preSolution
		HideSolutionNode = FALSE
	EndGlobalSection
	GlobalSection(ExtensibilityGlobals) = postSolution
		SolutionGuid = {EF1715EB-E672-43F9-B21B-E9C2F3033837}
	EndGlobalSection
EndGlobal
